
Microsoft Visual Studio Solution File, Format Version 12.00
# Visual Studio Version 17
VisualStudioVersion = 17.9.34728.123
MinimumVisualStudioVersion = 10.0.40219.1
Project("{FAE04EC0-301F-11D3-BF4B-00C04F79EFBC}") = "MVCCodigo2024", "MVCCodigo2024\MVCCodigo2024.csproj", "{17F803D1-E12F-46B2-B77C-FE83A82E81EB}"
EndProject
Global
	GlobalSection(SolutionConfigurationPlatforms) = preSolution
		Debug|Any CPU = Debug|Any CPU
		Release|Any CPU = Release|Any CPU
	EndGlobalSection
	GlobalSection(ProjectConfigurationPlatforms) = postSolution
		{17F803D1-E12F-46B2-B77C-FE83A82E81EB}.Debug|Any CPU.ActiveCfg = Debug|Any CPU
		{17F803D1-E12F-46B2-B77C-FE83A82E81EB}.Debug|Any CPU.Build.0 = Debug|Any CPU
		{17F803D1-E12F-46B2-B77C-FE83A82E81EB}.Release|Any CPU.ActiveCfg = Release|Any CPU
		{17F803D1-E12F-46B2-B77C-FE83A82E81EB}.Release|Any CPU.Build.0 = Release|Any CPU
	EndGlobalSection
	GlobalSection(SolutionProperties) = preSolution
		HideSolutionNode = FALSE
	EndGlobalSection
	GlobalSection(ExtensibilityGlobals) = postSolution
		SolutionGuid = {A8DA69B5-05AD-41D2-9AC2-BC9BBFC9CB30}
	EndGlobalSection
EndGlobal
